// !$*UTF8*$!
{
	archiveVersion = 1;
	classes = {
	};
	objectVersion = 55;
	objects = {

/* Begin PBXBuildFile section */
		DD5CF81E281C64C80093C85F /* AppDelegate.swift in Sources */ = {isa = PBXBuildFile; fileRef = DD5CF81D281C64C80093C85F /* AppDelegate.swift */; };
		DD5CF820281C64C80093C85F /* SceneDelegate.swift in Sources */ = {isa = PBXBuildFile; fileRef = DD5CF81F281C64C80093C85F /* SceneDelegate.swift */; };
		DD5CF822281C64C80093C85F /* MainTabBarViewController.swift in Sources */ = {isa = PBXBuildFile; fileRef = DD5CF821281C64C80093C85F /* MainTabBarViewController.swift */; };
		DD5CF827281C64CE0093C85F /* Assets.xcassets in Resources */ = {isa = PBXBuildFile; fileRef = DD5CF826281C64CE0093C85F /* Assets.xcassets */; };
		DD5CF82A281C64CE0093C85F /* LaunchScreen.storyboard in Resources */ = {isa = PBXBuildFile; fileRef = DD5CF828281C64CE0093C85F /* LaunchScreen.storyboard */; };
		DD5CF835281C64CF0093C85F /* NetflixTests.swift in Sources */ = {isa = PBXBuildFile; fileRef = DD5CF834281C64CF0093C85F /* NetflixTests.swift */; };
		DD5CF83F281C64CF0093C85F /* NetflixUITests.swift in Sources */ = {isa = PBXBuildFile; fileRef = DD5CF83E281C64CF0093C85F /* NetflixUITests.swift */; };
		DD5CF841281C64CF0093C85F /* NetflixUITestsLaunchTests.swift in Sources */ = {isa = PBXBuildFile; fileRef = DD5CF840281C64CF0093C85F /* NetflixUITestsLaunchTests.swift */; };
		DD5CF853281C74AD0093C85F /* HomeViewController.swift in Sources */ = {isa = PBXBuildFile; fileRef = DD5CF852281C74AD0093C85F /* HomeViewController.swift */; };
		DD5CF855281C74D70093C85F /* SearchViewController.swift in Sources */ = {isa = PBXBuildFile; fileRef = DD5CF854281C74D70093C85F /* SearchViewController.swift */; };
		DD5CF857281C74F80093C85F /* UpcomingViewController.swift in Sources */ = {isa = PBXBuildFile; fileRef = DD5CF856281C74F80093C85F /* UpcomingViewController.swift */; };
		DD5CF859281C751A0093C85F /* DownloadsViewController.swift in Sources */ = {isa = PBXBuildFile; fileRef = DD5CF858281C751A0093C85F /* DownloadsViewController.swift */; };
		DD68F18728230D46001199E4 /* Constants.swift in Sources */ = {isa = PBXBuildFile; fileRef = DD68F18628230D46001199E4 /* Constants.swift */; };
		DD76EA33282997D3007B9968 /* UpcomingMovieTableViewCell.swift in Sources */ = {isa = PBXBuildFile; fileRef = DD76EA31282997D3007B9968 /* UpcomingMovieTableViewCell.swift */; };
		DD76EA34282997D3007B9968 /* UpcomingMovieTableViewCell.xib in Resources */ = {isa = PBXBuildFile; fileRef = DD76EA32282997D3007B9968 /* UpcomingMovieTableViewCell.xib */; };
		DD98831F281DA6BD0086F72B /* CollectionViewTableViewCell.swift in Sources */ = {isa = PBXBuildFile; fileRef = DD98831D281DA6BD0086F72B /* CollectionViewTableViewCell.swift */; };
		DD988322281DAF4D0086F72B /* HomeHeaderUIView.swift in Sources */ = {isa = PBXBuildFile; fileRef = DD988321281DAF4D0086F72B /* HomeHeaderUIView.swift */; };
		DDA4EA582826F5780043852F /* MovieCollectionViewCell.swift in Sources */ = {isa = PBXBuildFile; fileRef = DDA4EA562826F5780043852F /* MovieCollectionViewCell.swift */; };
		DDA4EA5C2826FA830043852F /* SDWebImage in Frameworks */ = {isa = PBXBuildFile; productRef = DDA4EA5B2826FA830043852F /* SDWebImage */; };
		DDA4EA5E2826FA830043852F /* SDWebImageMapKit in Frameworks */ = {isa = PBXBuildFile; productRef = DDA4EA5D2826FA830043852F /* SDWebImageMapKit */; };
		DDF84565282057DB0093D415 /* NetworkService.swift in Sources */ = {isa = PBXBuildFile; fileRef = DDF84564282057DB0093D415 /* NetworkService.swift */; };
		DDF8456728205F6C0093D415 /* Movie.swift in Sources */ = {isa = PBXBuildFile; fileRef = DDF8456628205F6C0093D415 /* Movie.swift */; };
/* End PBXBuildFile section */

/* Begin PBXContainerItemProxy section */
		DD5CF831281C64CF0093C85F /* PBXContainerItemProxy */ = {
			isa = PBXContainerItemProxy;
			containerPortal = DD5CF812281C64C80093C85F /* Project object */;
			proxyType = 1;
			remoteGlobalIDString = DD5CF819281C64C80093C85F;
			remoteInfo = Netflix;
		};
		DD5CF83B281C64CF0093C85F /* PBXContainerItemProxy */ = {
			isa = PBXContainerItemProxy;
			containerPortal = DD5CF812281C64C80093C85F /* Project object */;
			proxyType = 1;
			remoteGlobalIDString = DD5CF819281C64C80093C85F;
			remoteInfo = Netflix;
		};
/* End PBXContainerItemProxy section */

/* Begin PBXFileReference section */
		DD5CF81A281C64C80093C85F /* Netflix.app */ = {isa = PBXFileReference; explicitFileType = wrapper.application; includeInIndex = 0; path = Netflix.app; sourceTree = BUILT_PRODUCTS_DIR; };
		DD5CF81D281C64C80093C85F /* AppDelegate.swift */ = {isa = PBXFileReference; lastKnownFileType = sourcecode.swift; path = AppDelegate.swift; sourceTree = "<group>"; };
		DD5CF81F281C64C80093C85F /* SceneDelegate.swift */ = {isa = PBXFileReference; lastKnownFileType = sourcecode.swift; path = SceneDelegate.swift; sourceTree = "<group>"; };
		DD5CF821281C64C80093C85F /* MainTabBarViewController.swift */ = {isa = PBXFileReference; lastKnownFileType = sourcecode.swift; path = MainTabBarViewController.swift; sourceTree = "<group>"; };
		DD5CF826281C64CE0093C85F /* Assets.xcassets */ = {isa = PBXFileReference; lastKnownFileType = folder.assetcatalog; path = Assets.xcassets; sourceTree = "<group>"; };
		DD5CF829281C64CE0093C85F /* Base */ = {isa = PBXFileReference; lastKnownFileType = file.storyboard; name = Base; path = Base.lproj/LaunchScreen.storyboard; sourceTree = "<group>"; };
		DD5CF82B281C64CE0093C85F /* Info.plist */ = {isa = PBXFileReference; lastKnownFileType = text.plist.xml; path = Info.plist; sourceTree = "<group>"; };
		DD5CF830281C64CF0093C85F /* NetflixTests.xctest */ = {isa = PBXFileReference; explicitFileType = wrapper.cfbundle; includeInIndex = 0; path = NetflixTests.xctest; sourceTree = BUILT_PRODUCTS_DIR; };
		DD5CF834281C64CF0093C85F /* NetflixTests.swift */ = {isa = PBXFileReference; lastKnownFileType = sourcecode.swift; path = NetflixTests.swift; sourceTree = "<group>"; };
		DD5CF83A281C64CF0093C85F /* NetflixUITests.xctest */ = {isa = PBXFileReference; explicitFileType = wrapper.cfbundle; includeInIndex = 0; path = NetflixUITests.xctest; sourceTree = BUILT_PRODUCTS_DIR; };
		DD5CF83E281C64CF0093C85F /* NetflixUITests.swift */ = {isa = PBXFileReference; lastKnownFileType = sourcecode.swift; path = NetflixUITests.swift; sourceTree = "<group>"; };
		DD5CF840281C64CF0093C85F /* NetflixUITestsLaunchTests.swift */ = {isa = PBXFileReference; lastKnownFileType = sourcecode.swift; path = NetflixUITestsLaunchTests.swift; sourceTree = "<group>"; };
		DD5CF852281C74AD0093C85F /* HomeViewController.swift */ = {isa = PBXFileReference; lastKnownFileType = sourcecode.swift; path = HomeViewController.swift; sourceTree = "<group>"; };
		DD5CF854281C74D70093C85F /* SearchViewController.swift */ = {isa = PBXFileReference; lastKnownFileType = sourcecode.swift; path = SearchViewController.swift; sourceTree = "<group>"; };
		DD5CF856281C74F80093C85F /* UpcomingViewController.swift */ = {isa = PBXFileReference; lastKnownFileType = sourcecode.swift; path = UpcomingViewController.swift; sourceTree = "<group>"; };
		DD5CF858281C751A0093C85F /* DownloadsViewController.swift */ = {isa = PBXFileReference; lastKnownFileType = sourcecode.swift; path = DownloadsViewController.swift; sourceTree = "<group>"; };
		DD68F18628230D46001199E4 /* Constants.swift */ = {isa = PBXFileReference; lastKnownFileType = sourcecode.swift; path = Constants.swift; sourceTree = "<group>"; };
		DD76EA31282997D3007B9968 /* UpcomingMovieTableViewCell.swift */ = {isa = PBXFileReference; lastKnownFileType = sourcecode.swift; path = UpcomingMovieTableViewCell.swift; sourceTree = "<group>"; };
		DD76EA32282997D3007B9968 /* UpcomingMovieTableViewCell.xib */ = {isa = PBXFileReference; lastKnownFileType = file.xib; path = UpcomingMovieTableViewCell.xib; sourceTree = "<group>"; };
		DD98831D281DA6BD0086F72B /* CollectionViewTableViewCell.swift */ = {isa = PBXFileReference; lastKnownFileType = sourcecode.swift; path = CollectionViewTableViewCell.swift; sourceTree = "<group>"; };
		DD988321281DAF4D0086F72B /* HomeHeaderUIView.swift */ = {isa = PBXFileReference; lastKnownFileType = sourcecode.swift; path = HomeHeaderUIView.swift; sourceTree = "<group>"; };
		DDA4EA562826F5780043852F /* MovieCollectionViewCell.swift */ = {isa = PBXFileReference; lastKnownFileType = sourcecode.swift; path = MovieCollectionViewCell.swift; sourceTree = "<group>"; };
		DDF84564282057DB0093D415 /* NetworkService.swift */ = {isa = PBXFileReference; lastKnownFileType = sourcecode.swift; path = NetworkService.swift; sourceTree = "<group>"; };
		DDF8456628205F6C0093D415 /* Movie.swift */ = {isa = PBXFileReference; lastKnownFileType = sourcecode.swift; path = Movie.swift; sourceTree = "<group>"; };
/* End PBXFileReference section */

/* Begin PBXFrameworksBuildPhase section */
		DD5CF817281C64C80093C85F /* Frameworks */ = {
			isa = PBXFrameworksBuildPhase;
			buildActionMask = 2147483647;
			files = (
				DDA4EA5E2826FA830043852F /* SDWebImageMapKit in Frameworks */,
				DDA4EA5C2826FA830043852F /* SDWebImage in Frameworks */,
			);
			runOnlyForDeploymentPostprocessing = 0;
		};
		DD5CF82D281C64CF0093C85F /* Frameworks */ = {
			isa = PBXFrameworksBuildPhase;
			buildActionMask = 2147483647;
			files = (
			);
			runOnlyForDeploymentPostprocessing = 0;
		};
		DD5CF837281C64CF0093C85F /* Frameworks */ = {
			isa = PBXFrameworksBuildPhase;
			buildActionMask = 2147483647;
			files = (
			);
			runOnlyForDeploymentPostprocessing = 0;
		};
/* End PBXFrameworksBuildPhase section */

/* Begin PBXGroup section */
		DD5CF811281C64C80093C85F = {
			isa = PBXGroup;
			children = (
				DD5CF81C281C64C80093C85F /* Netflix */,
				DD5CF833281C64CF0093C85F /* NetflixTests */,
				DD5CF83D281C64CF0093C85F /* NetflixUITests */,
				DD5CF81B281C64C80093C85F /* Products */,
			);
			sourceTree = "<group>";
		};
		DD5CF81B281C64C80093C85F /* Products */ = {
			isa = PBXGroup;
			children = (
				DD5CF81A281C64C80093C85F /* Netflix.app */,
				DD5CF830281C64CF0093C85F /* NetflixTests.xctest */,
				DD5CF83A281C64CF0093C85F /* NetflixUITests.xctest */,
			);
			name = Products;
			sourceTree = "<group>";
		};
		DD5CF81C281C64C80093C85F /* Netflix */ = {
			isa = PBXGroup;
			children = (
				DD68F18828230D5E001199E4 /* Utils */,
				DDF84563282057C20093D415 /* Services */,
				DD5CF84F281C74350093C85F /* Models */,
				DD5CF850281C74420093C85F /* Views */,
				DD5CF851281C745D0093C85F /* ViewModels */,
				DD5CF84E281C742A0093C85F /* Controllers */,
				DD5CF84D281C68010093C85F /* SupportingFiles */,
				DD5CF821281C64C80093C85F /* MainTabBarViewController.swift */,
				DD5CF82B281C64CE0093C85F /* Info.plist */,
			);
			path = Netflix;
			sourceTree = "<group>";
		};
		DD5CF833281C64CF0093C85F /* NetflixTests */ = {
			isa = PBXGroup;
			children = (
				DD5CF834281C64CF0093C85F /* NetflixTests.swift */,
			);
			path = NetflixTests;
			sourceTree = "<group>";
		};
		DD5CF83D281C64CF0093C85F /* NetflixUITests */ = {
			isa = PBXGroup;
			children = (
				DD5CF83E281C64CF0093C85F /* NetflixUITests.swift */,
				DD5CF840281C64CF0093C85F /* NetflixUITestsLaunchTests.swift */,
			);
			path = NetflixUITests;
			sourceTree = "<group>";
		};
		DD5CF84D281C68010093C85F /* SupportingFiles */ = {
			isa = PBXGroup;
			children = (
				DD5CF81D281C64C80093C85F /* AppDelegate.swift */,
				DD5CF81F281C64C80093C85F /* SceneDelegate.swift */,
				DD5CF828281C64CE0093C85F /* LaunchScreen.storyboard */,
				DD5CF826281C64CE0093C85F /* Assets.xcassets */,
			);
			path = SupportingFiles;
			sourceTree = "<group>";
		};
		DD5CF84E281C742A0093C85F /* Controllers */ = {
			isa = PBXGroup;
			children = (
				DD5CF852281C74AD0093C85F /* HomeViewController.swift */,
				DD5CF854281C74D70093C85F /* SearchViewController.swift */,
				DD5CF856281C74F80093C85F /* UpcomingViewController.swift */,
				DD5CF858281C751A0093C85F /* DownloadsViewController.swift */,
			);
			path = Controllers;
			sourceTree = "<group>";
		};
		DD5CF84F281C74350093C85F /* Models */ = {
			isa = PBXGroup;
			children = (
				DDF8456628205F6C0093D415 /* Movie.swift */,
			);
			path = Models;
			sourceTree = "<group>";
		};
		DD5CF850281C74420093C85F /* Views */ = {
			isa = PBXGroup;
			children = (
				DD98831D281DA6BD0086F72B /* CollectionViewTableViewCell.swift */,
				DD988321281DAF4D0086F72B /* HomeHeaderUIView.swift */,
				DDA4EA562826F5780043852F /* MovieCollectionViewCell.swift */,
				DD76EA352829A1F9007B9968 /* UpcomingMovieTableViewCell */,
			);
			path = Views;
			sourceTree = "<group>";
		};
		DD5CF851281C745D0093C85F /* ViewModels */ = {
			isa = PBXGroup;
			children = (
			);
			path = ViewModels;
			sourceTree = "<group>";
		};
		DD68F18828230D5E001199E4 /* Utils */ = {
			isa = PBXGroup;
			children = (
				DD68F18628230D46001199E4 /* Constants.swift */,
			);
			path = Utils;
			sourceTree = "<group>";
		};
		DD76EA352829A1F9007B9968 /* UpcomingMovieTableViewCell */ = {
			isa = PBXGroup;
			children = (
				DD76EA31282997D3007B9968 /* UpcomingMovieTableViewCell.swift */,
				DD76EA32282997D3007B9968 /* UpcomingMovieTableViewCell.xib */,
			);
			path = UpcomingMovieTableViewCell;
			sourceTree = "<group>";
		};
		DDF84563282057C20093D415 /* Services */ = {
			isa = PBXGroup;
			children = (
				DDF84564282057DB0093D415 /* NetworkService.swift */,
			);
			path = Services;
			sourceTree = "<group>";
		};
/* End PBXGroup section */

/* Begin PBXNativeTarget section */
		DD5CF819281C64C80093C85F /* Netflix */ = {
			isa = PBXNativeTarget;
			buildConfigurationList = DD5CF844281C64CF0093C85F /* Build configuration list for PBXNativeTarget "Netflix" */;
			buildPhases = (
				DD5CF816281C64C80093C85F /* Sources */,
				DD5CF817281C64C80093C85F /* Frameworks */,
				DD5CF818281C64C80093C85F /* Resources */,
			);
			buildRules = (
			);
			dependencies = (
			);
			name = Netflix;
			packageProductDependencies = (
				DDA4EA5B2826FA830043852F /* SDWebImage */,
				DDA4EA5D2826FA830043852F /* SDWebImageMapKit */,
			);
			productName = Netflix;
			productReference = DD5CF81A281C64C80093C85F /* Netflix.app */;
			productType = "com.apple.product-type.application";
		};
		DD5CF82F281C64CF0093C85F /* NetflixTests */ = {
			isa = PBXNativeTarget;
			buildConfigurationList = DD5CF847281C64CF0093C85F /* Build configuration list for PBXNativeTarget "NetflixTests" */;
			buildPhases = (
				DD5CF82C281C64CF0093C85F /* Sources */,
				DD5CF82D281C64CF0093C85F /* Frameworks */,
				DD5CF82E281C64CF0093C85F /* Resources */,
			);
			buildRules = (
			);
			dependencies = (
				DD5CF832281C64CF0093C85F /* PBXTargetDependency */,
			);
			name = NetflixTests;
			productName = NetflixTests;
			productReference = DD5CF830281C64CF0093C85F /* NetflixTests.xctest */;
			productType = "com.apple.product-type.bundle.unit-test";
		};
		DD5CF839281C64CF0093C85F /* NetflixUITests */ = {
			isa = PBXNativeTarget;
			buildConfigurationList = DD5CF84A281C64CF0093C85F /* Build configuration list for PBXNativeTarget "NetflixUITests" */;
			buildPhases = (
				DD5CF836281C64CF0093C85F /* Sources */,
				DD5CF837281C64CF0093C85F /* Frameworks */,
				DD5CF838281C64CF0093C85F /* Resources */,
			);
			buildRules = (
			);
			dependencies = (
				DD5CF83C281C64CF0093C85F /* PBXTargetDependency */,
			);
			name = NetflixUITests;
			productName = NetflixUITests;
			productReference = DD5CF83A281C64CF0093C85F /* NetflixUITests.xctest */;
			productType = "com.apple.product-type.bundle.ui-testing";
		};
/* End PBXNativeTarget section */

/* Begin PBXProject section */
		DD5CF812281C64C80093C85F /* Project object */ = {
			isa = PBXProject;
			attributes = {
				BuildIndependentTargetsInParallel = 1;
				LastSwiftUpdateCheck = 1330;
				LastUpgradeCheck = 1330;
				TargetAttributes = {
					DD5CF819281C64C80093C85F = {
						CreatedOnToolsVersion = 13.3.1;
					};
					DD5CF82F281C64CF0093C85F = {
						CreatedOnToolsVersion = 13.3.1;
						TestTargetID = DD5CF819281C64C80093C85F;
					};
					DD5CF839281C64CF0093C85F = {
						CreatedOnToolsVersion = 13.3.1;
						TestTargetID = DD5CF819281C64C80093C85F;
					};
				};
			};
			buildConfigurationList = DD5CF815281C64C80093C85F /* Build configuration list for PBXProject "Netflix" */;
			compatibilityVersion = "Xcode 13.0";
			developmentRegion = en;
			hasScannedForEncodings = 0;
			knownRegions = (
				en,
				Base,
			);
			mainGroup = DD5CF811281C64C80093C85F;
			packageReferences = (
				DDA4EA5A2826FA830043852F /* XCRemoteSwiftPackageReference "SDWebImage" */,
			);
			productRefGroup = DD5CF81B281C64C80093C85F /* Products */;
			projectDirPath = "";
			projectRoot = "";
			targets = (
				DD5CF819281C64C80093C85F /* Netflix */,
				DD5CF82F281C64CF0093C85F /* NetflixTests */,
				DD5CF839281C64CF0093C85F /* NetflixUITests */,
			);
		};
/* End PBXProject section */

/* Begin PBXResourcesBuildPhase section */
		DD5CF818281C64C80093C85F /* Resources */ = {
			isa = PBXResourcesBuildPhase;
			buildActionMask = 2147483647;
			files = (
				DD5CF82A281C64CE0093C85F /* LaunchScreen.storyboard in Resources */,
				DD76EA34282997D3007B9968 /* UpcomingMovieTableViewCell.xib in Resources */,
				DD5CF827281C64CE0093C85F /* Assets.xcassets in Resources */,
			);
			runOnlyForDeploymentPostprocessing = 0;
		};
		DD5CF82E281C64CF0093C85F /* Resources */ = {
			isa = PBXResourcesBuildPhase;
			buildActionMask = 2147483647;
			files = (
			);
			runOnlyForDeploymentPostprocessing = 0;
		};
		DD5CF838281C64CF0093C85F /* Resources */ = {
			isa = PBXResourcesBuildPhase;
			buildActionMask = 2147483647;
			files = (
			);
			runOnlyForDeploymentPostprocessing = 0;
		};
/* End PBXResourcesBuildPhase section */

/* Begin PBXSourcesBuildPhase section */
		DD5CF816281C64C80093C85F /* Sources */ = {
			isa = PBXSourcesBuildPhase;
			buildActionMask = 2147483647;
			files = (
				DDF84565282057DB0093D415 /* NetworkService.swift in Sources */,
				DDA4EA582826F5780043852F /* MovieCollectionViewCell.swift in Sources */,
				DD5CF857281C74F80093C85F /* UpcomingViewController.swift in Sources */,
				DD5CF855281C74D70093C85F /* SearchViewController.swift in Sources */,
				DD76EA33282997D3007B9968 /* UpcomingMovieTableViewCell.swift in Sources */,
				DD988322281DAF4D0086F72B /* HomeHeaderUIView.swift in Sources */,
				DD98831F281DA6BD0086F72B /* CollectionViewTableViewCell.swift in Sources */,
				DD5CF859281C751A0093C85F /* DownloadsViewController.swift in Sources */,
				DD5CF822281C64C80093C85F /* MainTabBarViewController.swift in Sources */,
				DD5CF81E281C64C80093C85F /* AppDelegate.swift in Sources */,
				DD5CF820281C64C80093C85F /* SceneDelegate.swift in Sources */,
				DDF8456728205F6C0093D415 /* Movie.swift in Sources */,
				DD5CF853281C74AD0093C85F /* HomeViewController.swift in Sources */,
				DD68F18728230D46001199E4 /* Constants.swift in Sources */,
			);
			runOnlyForDeploymentPostprocessing = 0;
		};
		DD5CF82C281C64CF0093C85F /* Sources */ = {
			isa = PBXSourcesBuildPhase;
			buildActionMask = 2147483647;
			files = (
				DD5CF835281C64CF0093C85F /* NetflixTests.swift in Sources */,
			);
			runOnlyForDeploymentPostprocessing = 0;
		};
		DD5CF836281C64CF0093C85F /* Sources */ = {
			isa = PBXSourcesBuildPhase;
			buildActionMask = 2147483647;
			files = (
				DD5CF83F281C64CF0093C85F /* NetflixUITests.swift in Sources */,
				DD5CF841281C64CF0093C85F /* NetflixUITestsLaunchTests.swift in Sources */,
			);
			runOnlyForDeploymentPostprocessing = 0;
		};
/* End PBXSourcesBuildPhase section */

/* Begin PBXTargetDependency section */
		DD5CF832281C64CF0093C85F /* PBXTargetDependency */ = {
			isa = PBXTargetDependency;
			target = DD5CF819281C64C80093C85F /* Netflix */;
			targetProxy = DD5CF831281C64CF0093C85F /* PBXContainerItemProxy */;
		};
		DD5CF83C281C64CF0093C85F /* PBXTargetDependency */ = {
			isa = PBXTargetDependency;
			target = DD5CF819281C64C80093C85F /* Netflix */;
			targetProxy = DD5CF83B281C64CF0093C85F /* PBXContainerItemProxy */;
		};
/* End PBXTargetDependency section */

/* Begin PBXVariantGroup section */
		DD5CF828281C64CE0093C85F /* LaunchScreen.storyboard */ = {
			isa = PBXVariantGroup;
			children = (
				DD5CF829281C64CE0093C85F /* Base */,
			);
			name = LaunchScreen.storyboard;
			sourceTree = "<group>";
		};
/* End PBXVariantGroup section */

/* Begin XCBuildConfiguration section */
		DD5CF842281C64CF0093C85F /* Debug */ = {
			isa = XCBuildConfiguration;
			buildSettings = {
				ALWAYS_SEARCH_USER_PATHS = NO;
				CLANG_ANALYZER_NONNULL = YES;
				CLANG_ANALYZER_NUMBER_OBJECT_CONVERSION = YES_AGGRESSIVE;
				CLANG_CXX_LANGUAGE_STANDARD = "gnu++17";
				CLANG_ENABLE_MODULES = YES;
				CLANG_ENABLE_OBJC_ARC = YES;
				CLANG_ENABLE_OBJC_WEAK = YES;
				CLANG_WARN_BLOCK_CAPTURE_AUTORELEASING = YES;
				CLANG_WARN_BOOL_CONVERSION = YES;
				CLANG_WARN_COMMA = YES;
				CLANG_WARN_CONSTANT_CONVERSION = YES;
				CLANG_WARN_DEPRECATED_OBJC_IMPLEMENTATIONS = YES;
				CLANG_WARN_DIRECT_OBJC_ISA_USAGE = YES_ERROR;
				CLANG_WARN_DOCUMENTATION_COMMENTS = YES;
				CLANG_WARN_EMPTY_BODY = YES;
				CLANG_WARN_ENUM_CONVERSION = YES;
				CLANG_WARN_INFINITE_RECURSION = YES;
				CLANG_WARN_INT_CONVERSION = YES;
				CLANG_WARN_NON_LITERAL_NULL_CONVERSION = YES;
				CLANG_WARN_OBJC_IMPLICIT_RETAIN_SELF = YES;
				CLANG_WARN_OBJC_LITERAL_CONVERSION = YES;
				CLANG_WARN_OBJC_ROOT_CLASS = YES_ERROR;
				CLANG_WARN_QUOTED_INCLUDE_IN_FRAMEWORK_HEADER = YES;
				CLANG_WARN_RANGE_LOOP_ANALYSIS = YES;
				CLANG_WARN_STRICT_PROTOTYPES = YES;
				CLANG_WARN_SUSPICIOUS_MOVE = YES;
				CLANG_WARN_UNGUARDED_AVAILABILITY = YES_AGGRESSIVE;
				CLANG_WARN_UNREACHABLE_CODE = YES;
				CLANG_WARN__DUPLICATE_METHOD_MATCH = YES;
				COPY_PHASE_STRIP = NO;
				DEBUG_INFORMATION_FORMAT = dwarf;
				ENABLE_STRICT_OBJC_MSGSEND = YES;
				ENABLE_TESTABILITY = YES;
				GCC_C_LANGUAGE_STANDARD = gnu11;
				GCC_DYNAMIC_NO_PIC = NO;
				GCC_NO_COMMON_BLOCKS = YES;
				GCC_OPTIMIZATION_LEVEL = 0;
				GCC_PREPROCESSOR_DEFINITIONS = (
					"DEBUG=1",
					"$(inherited)",
				);
				GCC_WARN_64_TO_32_BIT_CONVERSION = YES;
				GCC_WARN_ABOUT_RETURN_TYPE = YES_ERROR;
				GCC_WARN_UNDECLARED_SELECTOR = YES;
				GCC_WARN_UNINITIALIZED_AUTOS = YES_AGGRESSIVE;
				GCC_WARN_UNUSED_FUNCTION = YES;
				GCC_WARN_UNUSED_VARIABLE = YES;
				IPHONEOS_DEPLOYMENT_TARGET = 15.4;
				MTL_ENABLE_DEBUG_INFO = INCLUDE_SOURCE;
				MTL_FAST_MATH = YES;
				ONLY_ACTIVE_ARCH = YES;
				SDKROOT = iphoneos;
				SWIFT_ACTIVE_COMPILATION_CONDITIONS = DEBUG;
				SWIFT_OPTIMIZATION_LEVEL = "-Onone";
			};
			name = Debug;
		};
		DD5CF843281C64CF0093C85F /* Release */ = {
			isa = XCBuildConfiguration;
			buildSettings = {
				ALWAYS_SEARCH_USER_PATHS = NO;
				CLANG_ANALYZER_NONNULL = YES;
				CLANG_ANALYZER_NUMBER_OBJECT_CONVERSION = YES_AGGRESSIVE;
				CLANG_CXX_LANGUAGE_STANDARD = "gnu++17";
				CLANG_ENABLE_MODULES = YES;
				CLANG_ENABLE_OBJC_ARC = YES;
				CLANG_ENABLE_OBJC_WEAK = YES;
				CLANG_WARN_BLOCK_CAPTURE_AUTORELEASING = YES;
				CLANG_WARN_BOOL_CONVERSION = YES;
				CLANG_WARN_COMMA = YES;
				CLANG_WARN_CONSTANT_CONVERSION = YES;
				CLANG_WARN_DEPRECATED_OBJC_IMPLEMENTATIONS = YES;
				CLANG_WARN_DIRECT_OBJC_ISA_USAGE = YES_ERROR;
				CLANG_WARN_DOCUMENTATION_COMMENTS = YES;
				CLANG_WARN_EMPTY_BODY = YES;
				CLANG_WARN_ENUM_CONVERSION = YES;
				CLANG_WARN_INFINITE_RECURSION = YES;
				CLANG_WARN_INT_CONVERSION = YES;
				CLANG_WARN_NON_LITERAL_NULL_CONVERSION = YES;
				CLANG_WARN_OBJC_IMPLICIT_RETAIN_SELF = YES;
				CLANG_WARN_OBJC_LITERAL_CONVERSION = YES;
				CLANG_WARN_OBJC_ROOT_CLASS = YES_ERROR;
				CLANG_WARN_QUOTED_INCLUDE_IN_FRAMEWORK_HEADER = YES;
				CLANG_WARN_RANGE_LOOP_ANALYSIS = YES;
				CLANG_WARN_STRICT_PROTOTYPES = YES;
				CLANG_WARN_SUSPICIOUS_MOVE = YES;
				CLANG_WARN_UNGUARDED_AVAILABILITY = YES_AGGRESSIVE;
				CLANG_WARN_UNREACHABLE_CODE = YES;
				CLANG_WARN__DUPLICATE_METHOD_MATCH = YES;
				COPY_PHASE_STRIP = NO;
				DEBUG_INFORMATION_FORMAT = "dwarf-with-dsym";
				ENABLE_NS_ASSERTIONS = NO;
				ENABLE_STRICT_OBJC_MSGSEND = YES;
				GCC_C_LANGUAGE_STANDARD = gnu11;
				GCC_NO_COMMON_BLOCKS = YES;
				GCC_WARN_64_TO_32_BIT_CONVERSION = YES;
				GCC_WARN_ABOUT_RETURN_TYPE = YES_ERROR;
				GCC_WARN_UNDECLARED_SELECTOR = YES;
				GCC_WARN_UNINITIALIZED_AUTOS = YES_AGGRESSIVE;
				GCC_WARN_UNUSED_FUNCTION = YES;
				GCC_WARN_UNUSED_VARIABLE = YES;
				IPHONEOS_DEPLOYMENT_TARGET = 15.4;
				MTL_ENABLE_DEBUG_INFO = NO;
				MTL_FAST_MATH = YES;
				SDKROOT = iphoneos;
				SWIFT_COMPILATION_MODE = wholemodule;
				SWIFT_OPTIMIZATION_LEVEL = "-O";
				VALIDATE_PRODUCT = YES;
			};
			name = Release;
		};
		DD5CF845281C64CF0093C85F /* Debug */ = {
			isa = XCBuildConfiguration;
			buildSettings = {
				ASSETCATALOG_COMPILER_APPICON_NAME = AppIcon;
				ASSETCATALOG_COMPILER_GLOBAL_ACCENT_COLOR_NAME = AccentColor;
				CODE_SIGN_STYLE = Automatic;
				CURRENT_PROJECT_VERSION = 1;
				DEVELOPMENT_TEAM = 25PR6Y47QF;
				GENERATE_INFOPLIST_FILE = YES;
				INFOPLIST_FILE = Netflix/Info.plist;
				INFOPLIST_KEY_UIApplicationSupportsIndirectInputEvents = YES;
				INFOPLIST_KEY_UILaunchStoryboardName = LaunchScreen;
				INFOPLIST_KEY_UISupportedInterfaceOrientations_iPad = "UIInterfaceOrientationPortrait UIInterfaceOrientationPortraitUpsideDown UIInterfaceOrientationLandscapeLeft UIInterfaceOrientationLandscapeRight";
				INFOPLIST_KEY_UISupportedInterfaceOrientations_iPhone = "UIInterfaceOrientationPortrait UIInterfaceOrientationLandscapeLeft UIInterfaceOrientationLandscapeRight";
				LD_RUNPATH_SEARCH_PATHS = (
					"$(inherited)",
					"@executable_path/Frameworks",
				);
				MARKETING_VERSION = 1.0;
				PRODUCT_BUNDLE_IDENTIFIER = com.karpiv.Netflix;
				PRODUCT_NAME = "$(TARGET_NAME)";
				SWIFT_EMIT_LOC_STRINGS = YES;
				SWIFT_VERSION = 5.0;
				TARGETED_DEVICE_FAMILY = "1,2";
			};
			name = Debug;
		};
		DD5CF846281C64CF0093C85F /* Release */ = {
			isa = XCBuildConfiguration;
			buildSettings = {
				ASSETCATALOG_COMPILER_APPICON_NAME = AppIcon;
				ASSETCATALOG_COMPILER_GLOBAL_ACCENT_COLOR_NAME = AccentColor;
				CODE_SIGN_STYLE = Automatic;
				CURRENT_PROJECT_VERSION = 1;
				DEVELOPMENT_TEAM = 25PR6Y47QF;
				GENERATE_INFOPLIST_FILE = YES;
				INFOPLIST_FILE = Netflix/Info.plist;
				INFOPLIST_KEY_UIApplicationSupportsIndirectInputEvents = YES;
				INFOPLIST_KEY_UILaunchStoryboardName = LaunchScreen;
				INFOPLIST_KEY_UISupportedInterfaceOrientations_iPad = "UIInterfaceOrientationPortrait UIInterfaceOrientationPortraitUpsideDown UIInterfaceOrientationLandscapeLeft UIInterfaceOrientationLandscapeRight";
				INFOPLIST_KEY_UISupportedInterfaceOrientations_iPhone = "UIInterfaceOrientationPortrait UIInterfaceOrientationLandscapeLeft UIInterfaceOrientationLandscapeRight";
				LD_RUNPATH_SEARCH_PATHS = (
					"$(inherited)",
					"@executable_path/Frameworks",
				);
				MARKETING_VERSION = 1.0;
				PRODUCT_BUNDLE_IDENTIFIER = com.karpiv.Netflix;
				PRODUCT_NAME = "$(TARGET_NAME)";
				SWIFT_EMIT_LOC_STRINGS = YES;
				SWIFT_VERSION = 5.0;
				TARGETED_DEVICE_FAMILY = "1,2";
			};
			name = Release;
		};
		DD5CF848281C64CF0093C85F /* Debug */ = {
			isa = XCBuildConfiguration;
			buildSettings = {
				ALWAYS_EMBED_SWIFT_STANDARD_LIBRARIES = YES;
				BUNDLE_LOADER = "$(TEST_HOST)";
				CODE_SIGN_STYLE = Automatic;
				CURRENT_PROJECT_VERSION = 1;
				DEVELOPMENT_TEAM = 25PR6Y47QF;
				GENERATE_INFOPLIST_FILE = YES;
				IPHONEOS_DEPLOYMENT_TARGET = 15.4;
				MARKETING_VERSION = 1.0;
				PRODUCT_BUNDLE_IDENTIFIER = com.karpiv.NetflixTests;
				PRODUCT_NAME = "$(TARGET_NAME)";
				SWIFT_EMIT_LOC_STRINGS = NO;
				SWIFT_VERSION = 5.0;
				TARGETED_DEVICE_FAMILY = "1,2";
				TEST_HOST = "$(BUILT_PRODUCTS_DIR)/Netflix.app/Netflix";
			};
			name = Debug;
		};
		DD5CF849281C64CF0093C85F /* Release */ = {
			isa = XCBuildConfiguration;
			buildSettings = {
				ALWAYS_EMBED_SWIFT_STANDARD_LIBRARIES = YES;
				BUNDLE_LOADER = "$(TEST_HOST)";
				CODE_SIGN_STYLE = Automatic;
				CURRENT_PROJECT_VERSION = 1;
				DEVELOPMENT_TEAM = 25PR6Y47QF;
				GENERATE_INFOPLIST_FILE = YES;
				IPHONEOS_DEPLOYMENT_TARGET = 15.4;
				MARKETING_VERSION = 1.0;
				PRODUCT_BUNDLE_IDENTIFIER = com.karpiv.NetflixTests;
				PRODUCT_NAME = "$(TARGET_NAME)";
				SWIFT_EMIT_LOC_STRINGS = NO;
				SWIFT_VERSION = 5.0;
				TARGETED_DEVICE_FAMILY = "1,2";
				TEST_HOST = "$(BUILT_PRODUCTS_DIR)/Netflix.app/Netflix";
			};
			name = Release;
		};
		DD5CF84B281C64CF0093C85F /* Debug */ = {
			isa = XCBuildConfiguration;
			buildSettings = {
				ALWAYS_EMBED_SWIFT_STANDARD_LIBRARIES = YES;
				CODE_SIGN_STYLE = Automatic;
				CURRENT_PROJECT_VERSION = 1;
				DEVELOPMENT_TEAM = 25PR6Y47QF;
				GENERATE_INFOPLIST_FILE = YES;
				MARKETING_VERSION = 1.0;
				PRODUCT_BUNDLE_IDENTIFIER = com.karpiv.NetflixUITests;
				PRODUCT_NAME = "$(TARGET_NAME)";
				SWIFT_EMIT_LOC_STRINGS = NO;
				SWIFT_VERSION = 5.0;
				TARGETED_DEVICE_FAMILY = "1,2";
				TEST_TARGET_NAME = Netflix;
			};
			name = Debug;
		};
		DD5CF84C281C64CF0093C85F /* Release */ = {
			isa = XCBuildConfiguration;
			buildSettings = {
				ALWAYS_EMBED_SWIFT_STANDARD_LIBRARIES = YES;
				CODE_SIGN_STYLE = Automatic;
				CURRENT_PROJECT_VERSION = 1;
				DEVELOPMENT_TEAM = 25PR6Y47QF;
				GENERATE_INFOPLIST_FILE = YES;
				MARKETING_VERSION = 1.0;
				PRODUCT_BUNDLE_IDENTIFIER = com.karpiv.NetflixUITests;
				PRODUCT_NAME = "$(TARGET_NAME)";
				SWIFT_EMIT_LOC_STRINGS = NO;
				SWIFT_VERSION = 5.0;
				TARGETED_DEVICE_FAMILY = "1,2";
				TEST_TARGET_NAME = Netflix;
			};
			name = Release;
		};
/* End XCBuildConfiguration section */

/* Begin XCConfigurationList section */
		DD5CF815281C64C80093C85F /* Build configuration list for PBXProject "Netflix" */ = {
			isa = XCConfigurationList;
			buildConfigurations = (
				DD5CF842281C64CF0093C85F /* Debug */,
				DD5CF843281C64CF0093C85F /* Release */,
			);
			defaultConfigurationIsVisible = 0;
			defaultConfigurationName = Release;
		};
		DD5CF844281C64CF0093C85F /* Build configuration list for PBXNativeTarget "Netflix" */ = {
			isa = XCConfigurationList;
			buildConfigurations = (
				DD5CF845281C64CF0093C85F /* Debug */,
				DD5CF846281C64CF0093C85F /* Release */,
			);
			defaultConfigurationIsVisible = 0;
			defaultConfigurationName = Release;
		};
		DD5CF847281C64CF0093C85F /* Build configuration list for PBXNativeTarget "NetflixTests" */ = {
			isa = XCConfigurationList;
			buildConfigurations = (
				DD5CF848281C64CF0093C85F /* Debug */,
				DD5CF849281C64CF0093C85F /* Release */,
			);
			defaultConfigurationIsVisible = 0;
			defaultConfigurationName = Release;
		};
		DD5CF84A281C64CF0093C85F /* Build configuration list for PBXNativeTarget "NetflixUITests" */ = {
			isa = XCConfigurationList;
			buildConfigurations = (
				DD5CF84B281C64CF0093C85F /* Debug */,
				DD5CF84C281C64CF0093C85F /* Release */,
			);
			defaultConfigurationIsVisible = 0;
			defaultConfigurationName = Release;
		};
/* End XCConfigurationList section */

/* Begin XCRemoteSwiftPackageReference section */
		DDA4EA5A2826FA830043852F /* XCRemoteSwiftPackageReference "SDWebImage" */ = {
			isa = XCRemoteSwiftPackageReference;
			repositoryURL = "https://github.com/SDWebImage/SDWebImage.git";
			requirement = {
				branch = master;
				kind = branch;
			};
		};
/* End XCRemoteSwiftPackageReference section */

/* Begin XCSwiftPackageProductDependency section */
		DDA4EA5B2826FA830043852F /* SDWebImage */ = {
			isa = XCSwiftPackageProductDependency;
			package = DDA4EA5A2826FA830043852F /* XCRemoteSwiftPackageReference "SDWebImage" */;
			productName = SDWebImage;
		};
		DDA4EA5D2826FA830043852F /* SDWebImageMapKit */ = {
			isa = XCSwiftPackageProductDependency;
			package = DDA4EA5A2826FA830043852F /* XCRemoteSwiftPackageReference "SDWebImage" */;
			productName = SDWebImageMapKit;
		};
/* End XCSwiftPackageProductDependency section */
	};
	rootObject = DD5CF812281C64C80093C85F /* Project object */;
}
