{
  "pins" : [
    {
      "identity" : "sdwebimage",
      "kind" : "remoteSourceControl",
      "location" : "https://github.com/SDWebImage/SDWebImage.git",
      "state" : {
        "branch" : "master",
        "revision" : "d01eb3f8aca843146f17b5530cef49be8bd01b78"
      }
    }
  ],
  "version" : 2
}
